// !$*UTF8*$!
{
	archiveVersion = 1;
	classes = {
	};
	objectVersion = 46;
	objects = {

/* Begin PBXBuildFile section */
		3F02DF032135BC200006EC9D /* AppDelegate.swift in Sources */ = {isa = PBXBuildFile; fileRef = 3F02DF022135BC200006EC9D /* AppDelegate.swift */; };
		3F02DF052135BC200006EC9D /* ViewController.swift in Sources */ = {isa = PBXBuildFile; fileRef = 3F02DF042135BC200006EC9D /* ViewController.swift */; };
		3F02DF082135BC200006EC9D /* Main.storyboard in Resources */ = {isa = PBXBuildFile; fileRef = 3F02DF062135BC200006EC9D /* Main.storyboard */; };
		3F02DF0A2135BC200006EC9D /* Assets.xcassets in Resources */ = {isa = PBXBuildFile; fileRef = 3F02DF092135BC200006EC9D /* Assets.xcassets */; };
		3F02DF0D2135BC200006EC9D /* LaunchScreen.storyboard in Resources */ = {isa = PBXBuildFile; fileRef = 3F02DF0B2135BC200006EC9D /* LaunchScreen.storyboard */; };
		3F02DF182135BC200006EC9D /* tipCalculatorTests.swift in Sources */ = {isa = PBXBuildFile; fileRef = 3F02DF172135BC200006EC9D /* tipCalculatorTests.swift */; };
		3F02DF232135BC200006EC9D /* tipCalculatorUITests.swift in Sources */ = {isa = PBXBuildFile; fileRef = 3F02DF222135BC200006EC9D /* tipCalculatorUITests.swift */; };
/* End PBXBuildFile section */

/* Begin PBXContainerItemProxy section */
		3F02DF142135BC200006EC9D /* PBXContainerItemProxy */ = {
			isa = PBXContainerItemProxy;
			containerPortal = 3F02DEF72135BC200006EC9D /* Project object */;
			proxyType = 1;
			remoteGlobalIDString = 3F02DEFE2135BC200006EC9D;
			remoteInfo = tipCalculator;
		};
		3F02DF1F2135BC200006EC9D /* PBXContainerItemProxy */ = {
			isa = PBXContainerItemProxy;
			containerPortal = 3F02DEF72135BC200006EC9D /* Project object */;
			proxyType = 1;
			remoteGlobalIDString = 3F02DEFE2135BC200006EC9D;
			remoteInfo = tipCalculator;
		};
/* End PBXContainerItemProxy section */

/* Begin PBXFileReference section */
		3F02DEFF2135BC200006EC9D /* tipCalculator.app */ = {isa = PBXFileReference; explicitFileType = wrapper.application; includeInIndex = 0; path = tipCalculator.app; sourceTree = BUILT_PRODUCTS_DIR; };
		3F02DF022135BC200006EC9D /* AppDelegate.swift */ = {isa = PBXFileReference; lastKnownFileType = sourcecode.swift; path = AppDelegate.swift; sourceTree = "<group>"; };
		3F02DF042135BC200006EC9D /* ViewController.swift */ = {isa = PBXFileReference; lastKnownFileType = sourcecode.swift; path = ViewController.swift; sourceTree = "<group>"; };
		3F02DF072135BC200006EC9D /* Base */ = {isa = PBXFileReference; lastKnownFileType = file.storyboard; name = Base; path = Base.lproj/Main.storyboard; sourceTree = "<group>"; };
		3F02DF092135BC200006EC9D /* Assets.xcassets */ = {isa = PBXFileReference; lastKnownFileType = folder.assetcatalog; path = Assets.xcassets; sourceTree = "<group>"; };
		3F02DF0C2135BC200006EC9D /* Base */ = {isa = PBXFileReference; lastKnownFileType = file.storyboard; name = Base; path = Base.lproj/LaunchScreen.storyboard; sourceTree = "<group>"; };
		3F02DF0E2135BC200006EC9D /* Info.plist */ = {isa = PBXFileReference; lastKnownFileType = text.plist.xml; path = Info.plist; sourceTree = "<group>"; };
		3F02DF132135BC200006EC9D /* tipCalculatorTests.xctest */ = {isa = PBXFileReference; explicitFileType = wrapper.cfbundle; includeInIndex = 0; path = tipCalculatorTests.xctest; sourceTree = BUILT_PRODUCTS_DIR; };
		3F02DF172135BC200006EC9D /* tipCalculatorTests.swift */ = {isa = PBXFileReference; lastKnownFileType = sourcecode.swift; path = tipCalculatorTests.swift; sourceTree = "<group>"; };
		3F02DF192135BC200006EC9D /* Info.plist */ = {isa = PBXFileReference; lastKnownFileType = text.plist.xml; path = Info.plist; sourceTree = "<group>"; };
		3F02DF1E2135BC200006EC9D /* tipCalculatorUITests.xctest */ = {isa = PBXFileReference; explicitFileType = wrapper.cfbundle; includeInIndex = 0; path = tipCalculatorUITests.xctest; sourceTree = BUILT_PRODUCTS_DIR; };
		3F02DF222135BC200006EC9D /* tipCalculatorUITests.swift */ = {isa = PBXFileReference; lastKnownFileType = sourcecode.swift; path = tipCalculatorUITests.swift; sourceTree = "<group>"; };
		3F02DF242135BC200006EC9D /* Info.plist */ = {isa = PBXFileReference; lastKnownFileType = text.plist.xml; path = Info.plist; sourceTree = "<group>"; };
/* End PBXFileReference section */

/* Begin PBXFrameworksBuildPhase section */
		3F02DEFC2135BC200006EC9D /* Frameworks */ = {
			isa = PBXFrameworksBuildPhase;
			buildActionMask = 2147483647;
			files = (
			);
			runOnlyForDeploymentPostprocessing = 0;
		};
		3F02DF102135BC200006EC9D /* Frameworks */ = {
			isa = PBXFrameworksBuildPhase;
			buildActionMask = 2147483647;
			files = (
			);
			runOnlyForDeploymentPostprocessing = 0;
		};
		3F02DF1B2135BC200006EC9D /* Frameworks */ = {
			isa = PBXFrameworksBuildPhase;
			buildActionMask = 2147483647;
			files = (
			);
			runOnlyForDeploymentPostprocessing = 0;
		};
/* End PBXFrameworksBuildPhase section */

/* Begin PBXGroup section */
		3F02DEF62135BC200006EC9D = {
			isa = PBXGroup;
			children = (
				3F02DF012135BC200006EC9D /* tipCalculator */,
				3F02DF162135BC200006EC9D /* tipCalculatorTests */,
				3F02DF212135BC200006EC9D /* tipCalculatorUITests */,
				3F02DF002135BC200006EC9D /* Products */,
			);
			sourceTree = "<group>";
		};
		3F02DF002135BC200006EC9D /* Products */ = {
			isa = PBXGroup;
			children = (
				3F02DEFF2135BC200006EC9D /* tipCalculator.app */,
				3F02DF132135BC200006EC9D /* tipCalculatorTests.xctest */,
				3F02DF1E2135BC200006EC9D /* tipCalculatorUITests.xctest */,
			);
			name = Products;
			sourceTree = "<group>";
		};
		3F02DF012135BC200006EC9D /* tipCalculator */ = {
			isa = PBXGroup;
			children = (
				3F02DF022135BC200006EC9D /* AppDelegate.swift */,
				3F02DF042135BC200006EC9D /* ViewController.swift */,
				3F02DF062135BC200006EC9D /* Main.storyboard */,
				3F02DF092135BC200006EC9D /* Assets.xcassets */,
				3F02DF0B2135BC200006EC9D /* LaunchScreen.storyboard */,
				3F02DF0E2135BC200006EC9D /* Info.plist */,
			);
			path = tipCalculator;
			sourceTree = "<group>";
		};
		3F02DF162135BC200006EC9D /* tipCalculatorTests */ = {
			isa = PBXGroup;
			children = (
				3F02DF172135BC200006EC9D /* tipCalculatorTests.swift */,
				3F02DF192135BC200006EC9D /* Info.plist */,
			);
			path = tipCalculatorTests;
			sourceTree = "<group>";
		};
		3F02DF212135BC200006EC9D /* tipCalculatorUITests */ = {
			isa = PBXGroup;
			children = (
				3F02DF222135BC200006EC9D /* tipCalculatorUITests.swift */,
				3F02DF242135BC200006EC9D /* Info.plist */,
			);
			path = tipCalculatorUITests;
			sourceTree = "<group>";
		};
/* End PBXGroup section */

/* Begin PBXNativeTarget section */
		3F02DEFE2135BC200006EC9D /* tipCalculator */ = {
			isa = PBXNativeTarget;
			buildConfigurationList = 3F02DF272135BC200006EC9D /* Build configuration list for PBXNativeTarget "tipCalculator" */;
			buildPhases = (
				3F02DEFB2135BC200006EC9D /* Sources */,
				3F02DEFC2135BC200006EC9D /* Frameworks */,
				3F02DEFD2135BC200006EC9D /* Resources */,
			);
			buildRules = (
			);
			dependencies = (
			);
			name = tipCalculator;
			productName = tipCalculator;
			productReference = 3F02DEFF2135BC200006EC9D /* tipCalculator.app */;
			productType = "com.apple.product-type.application";
		};
		3F02DF122135BC200006EC9D /* tipCalculatorTests */ = {
			isa = PBXNativeTarget;
			buildConfigurationList = 3F02DF2A2135BC200006EC9D /* Build configuration list for PBXNativeTarget "tipCalculatorTests" */;
			buildPhases = (
				3F02DF0F2135BC200006EC9D /* Sources */,
				3F02DF102135BC200006EC9D /* Frameworks */,
				3F02DF112135BC200006EC9D /* Resources */,
			);
			buildRules = (
			);
			dependencies = (
				3F02DF152135BC200006EC9D /* PBXTargetDependency */,
			);
			name = tipCalculatorTests;
			productName = tipCalculatorTests;
			productReference = 3F02DF132135BC200006EC9D /* tipCalculatorTests.xctest */;
			productType = "com.apple.product-type.bundle.unit-test";
		};
		3F02DF1D2135BC200006EC9D /* tipCalculatorUITests */ = {
			isa = PBXNativeTarget;
			buildConfigurationList = 3F02DF2D2135BC200006EC9D /* Build configuration list for PBXNativeTarget "tipCalculatorUITests" */;
			buildPhases = (
				3F02DF1A2135BC200006EC9D /* Sources */,
				3F02DF1B2135BC200006EC9D /* Frameworks */,
				3F02DF1C2135BC200006EC9D /* Resources */,
			);
			buildRules = (
			);
			dependencies = (
				3F02DF202135BC200006EC9D /* PBXTargetDependency */,
			);
			name = tipCalculatorUITests;
			productName = tipCalculatorUITests;
			productReference = 3F02DF1E2135BC200006EC9D /* tipCalculatorUITests.xctest */;
			productType = "com.apple.product-type.bundle.ui-testing";
		};
/* End PBXNativeTarget section */

/* Begin PBXProject section */
		3F02DEF72135BC200006EC9D /* Project object */ = {
			isa = PBXProject;
			attributes = {
				LastSwiftUpdateCheck = 0820;
				LastUpgradeCheck = 0820;
				ORGANIZATIONNAME = rbsblock;
				TargetAttributes = {
					3F02DEFE2135BC200006EC9D = {
						CreatedOnToolsVersion = 8.2.1;
						ProvisioningStyle = Automatic;
					};
					3F02DF122135BC200006EC9D = {
						CreatedOnToolsVersion = 8.2.1;
						ProvisioningStyle = Automatic;
						TestTargetID = 3F02DEFE2135BC200006EC9D;
					};
					3F02DF1D2135BC200006EC9D = {
						CreatedOnToolsVersion = 8.2.1;
						ProvisioningStyle = Automatic;
						TestTargetID = 3F02DEFE2135BC200006EC9D;
					};
				};
			};
			buildConfigurationList = 3F02DEFA2135BC200006EC9D /* Build configuration list for PBXProject "tipCalculator" */;
			compatibilityVersion = "Xcode 3.2";
			developmentRegion = English;
			hasScannedForEncodings = 0;
			knownRegions = (
				en,
				Base,
			);
			mainGroup = 3F02DEF62135BC200006EC9D;
			productRefGroup = 3F02DF002135BC200006EC9D /* Products */;
			projectDirPath = "";
			projectRoot = "";
			targets = (
				3F02DEFE2135BC200006EC9D /* tipCalculator */,
				3F02DF122135BC200006EC9D /* tipCalculatorTests */,
				3F02DF1D2135BC200006EC9D /* tipCalculatorUITests */,
			);
		};
/* End PBXProject section */

/* Begin PBXResourcesBuildPhase section */
		3F02DEFD2135BC200006EC9D /* Resources */ = {
			isa = PBXResourcesBuildPhase;
			buildActionMask = 2147483647;
			files = (
				3F02DF0D2135BC200006EC9D /* LaunchScreen.storyboard in Resources */,
				3F02DF0A2135BC200006EC9D /* Assets.xcassets in Resources */,
				3F02DF082135BC200006EC9D /* Main.storyboard in Resources */,
			);
			runOnlyForDeploymentPostprocessing = 0;
		};
		3F02DF112135BC200006EC9D /* Resources */ = {
			isa = PBXResourcesBuildPhase;
			buildActionMask = 2147483647;
			files = (
			);
			runOnlyForDeploymentPostprocessing = 0;
		};
		3F02DF1C2135BC200006EC9D /* Resources */ = {
			isa = PBXResourcesBuildPhase;
			buildActionMask = 2147483647;
			files = (
			);
			runOnlyForDeploymentPostprocessing = 0;
		};
/* End PBXResourcesBuildPhase section */

/* Begin PBXSourcesBuildPhase section */
		3F02DEFB2135BC200006EC9D /* Sources */ = {
			isa = PBXSourcesBuildPhase;
			buildActionMask = 2147483647;
			files = (
				3F02DF052135BC200006EC9D /* ViewController.swift in Sources */,
				3F02DF032135BC200006EC9D /* AppDelegate.swift in Sources */,
			);
			runOnlyForDeploymentPostprocessing = 0;
		};
		3F02DF0F2135BC200006EC9D /* Sources */ = {
			isa = PBXSourcesBuildPhase;
			buildActionMask = 2147483647;
			files = (
				3F02DF182135BC200006EC9D /* tipCalculatorTests.swift in Sources */,
			);
			runOnlyForDeploymentPostprocessing = 0;
		};
		3F02DF1A2135BC200006EC9D /* Sources */ = {
			isa = PBXSourcesBuildPhase;
			buildActionMask = 2147483647;
			files = (
				3F02DF232135BC200006EC9D /* tipCalculatorUITests.swift in Sources */,
			);
			runOnlyForDeploymentPostprocessing = 0;
		};
/* End PBXSourcesBuildPhase section */

/* Begin PBXTargetDependency section */
		3F02DF152135BC200006EC9D /* PBXTargetDependency */ = {
			isa = PBXTargetDependency;
			target = 3F02DEFE2135BC200006EC9D /* tipCalculator */;
			targetProxy = 3F02DF142135BC200006EC9D /* PBXContainerItemProxy */;
		};
		3F02DF202135BC200006EC9D /* PBXTargetDependency */ = {
			isa = PBXTargetDependency;
			target = 3F02DEFE2135BC200006EC9D /* tipCalculator */;
			targetProxy = 3F02DF1F2135BC200006EC9D /* PBXContainerItemProxy */;
		};
/* End PBXTargetDependency section */

/* Begin PBXVariantGroup section */
		3F02DF062135BC200006EC9D /* Main.storyboard */ = {
			isa = PBXVariantGroup;
			children = (
				3F02DF072135BC200006EC9D /* Base */,
			);
			name = Main.storyboard;
			sourceTree = "<group>";
		};
		3F02DF0B2135BC200006EC9D /* LaunchScreen.storyboard */ = {
			isa = PBXVariantGroup;
			children = (
				3F02DF0C2135BC200006EC9D /* Base */,
			);
			name = LaunchScreen.storyboard;
			sourceTree = "<group>";
		};
/* End PBXVariantGroup section */

/* Begin XCBuildConfiguration section */
		3F02DF252135BC200006EC9D /* Debug */ = {
			isa = XCBuildConfiguration;
			buildSettings = {
				ALWAYS_SEARCH_USER_PATHS = NO;
				CLANG_ANALYZER_NONNULL = YES;
				CLANG_CXX_LANGUAGE_STANDARD = "gnu++0x";
				CLANG_CXX_LIBRARY = "libc++";
				CLANG_ENABLE_MODULES = YES;
				CLANG_ENABLE_OBJC_ARC = YES;
				CLANG_WARN_BOOL_CONVERSION = YES;
				CLANG_WARN_CONSTANT_CONVERSION = YES;
				CLANG_WARN_DIRECT_OBJC_ISA_USAGE = YES_ERROR;
				CLANG_WARN_DOCUMENTATION_COMMENTS = YES;
				CLANG_WARN_EMPTY_BODY = YES;
				CLANG_WARN_ENUM_CONVERSION = YES;
				CLANG_WARN_INFINITE_RECURSION = YES;
				CLANG_WARN_INT_CONVERSION = YES;
				CLANG_WARN_OBJC_ROOT_CLASS = YES_ERROR;
				CLANG_WARN_SUSPICIOUS_MOVE = YES;
				CLANG_WARN_UNREACHABLE_CODE = YES;
				CLANG_WARN__DUPLICATE_METHOD_MATCH = YES;
				"CODE_SIGN_IDENTITY[sdk=iphoneos*]" = "iPhone Developer";
				COPY_PHASE_STRIP = NO;
				DEBUG_INFORMATION_FORMAT = dwarf;
				ENABLE_STRICT_OBJC_MSGSEND = YES;
				ENABLE_TESTABILITY = YES;
				GCC_C_LANGUAGE_STANDARD = gnu99;
				GCC_DYNAMIC_NO_PIC = NO;
				GCC_NO_COMMON_BLOCKS = YES;
				GCC_OPTIMIZATION_LEVEL = 0;
				GCC_PREPROCESSOR_DEFINITIONS = (
					"DEBUG=1",
					"$(inherited)",
				);
				GCC_WARN_64_TO_32_BIT_CONVERSION = YES;
				GCC_WARN_ABOUT_RETURN_TYPE = YES_ERROR;
				GCC_WARN_UNDECLARED_SELECTOR = YES;
				GCC_WARN_UNINITIALIZED_AUTOS = YES_AGGRESSIVE;
				GCC_WARN_UNUSED_FUNCTION = YES;
				GCC_WARN_UNUSED_VARIABLE = YES;
				IPHONEOS_DEPLOYMENT_TARGET = 10.2;
				MTL_ENABLE_DEBUG_INFO = YES;
				ONLY_ACTIVE_ARCH = YES;
				SDKROOT = iphoneos;
				SWIFT_ACTIVE_COMPILATION_CONDITIONS = DEBUG;
				SWIFT_OPTIMIZATION_LEVEL = "-Onone";
				TARGETED_DEVICE_FAMILY = "1,2";
			};
			name = Debug;
		};
		3F02DF262135BC200006EC9D /* Release */ = {
			isa = XCBuildConfiguration;
			buildSettings = {
				ALWAYS_SEARCH_USER_PATHS = NO;
				CLANG_ANALYZER_NONNULL = YES;
				CLANG_CXX_LANGUAGE_STANDARD = "gnu++0x";
				CLANG_CXX_LIBRARY = "libc++";
				CLANG_ENABLE_MODULES = YES;
				CLANG_ENABLE_OBJC_ARC = YES;
				CLANG_WARN_BOOL_CONVERSION = YES;
				CLANG_WARN_CONSTANT_CONVERSION = YES;
				CLANG_WARN_DIRECT_OBJC_ISA_USAGE = YES_ERROR;
				CLANG_WARN_DOCUMENTATION_COMMENTS = YES;
				CLANG_WARN_EMPTY_BODY = YES;
				CLANG_WARN_ENUM_CONVERSION = YES;
				CLANG_WARN_INFINITE_RECURSION = YES;
				CLANG_WARN_INT_CONVERSION = YES;
				CLANG_WARN_OBJC_ROOT_CLASS = YES_ERROR;
				CLANG_WARN_SUSPICIOUS_MOVE = YES;
				CLANG_WARN_UNREACHABLE_CODE = YES;
				CLANG_WARN__DUPLICATE_METHOD_MATCH = YES;
				"CODE_SIGN_IDENTITY[sdk=iphoneos*]" = "iPhone Developer";
				COPY_PHASE_STRIP = NO;
				DEBUG_INFORMATION_FORMAT = "dwarf-with-dsym";
				ENABLE_NS_ASSERTIONS = NO;
				ENABLE_STRICT_OBJC_MSGSEND = YES;
				GCC_C_LANGUAGE_STANDARD = gnu99;
				GCC_NO_COMMON_BLOCKS = YES;
				GCC_WARN_64_TO_32_BIT_CONVERSION = YES;
				GCC_WARN_ABOUT_RETURN_TYPE = YES_ERROR;
				GCC_WARN_UNDECLARED_SELECTOR = YES;
				GCC_WARN_UNINITIALIZED_AUTOS = YES_AGGRESSIVE;
				GCC_WARN_UNUSED_FUNCTION = YES;
				GCC_WARN_UNUSED_VARIABLE = YES;
				IPHONEOS_DEPLOYMENT_TARGET = 10.2;
				MTL_ENABLE_DEBUG_INFO = NO;
				SDKROOT = iphoneos;
				SWIFT_OPTIMIZATION_LEVEL = "-Owholemodule";
				TARGETED_DEVICE_FAMILY = "1,2";
				VALIDATE_PRODUCT = YES;
			};
			name = Release;
		};
		3F02DF282135BC200006EC9D /* Debug */ = {
			isa = XCBuildConfiguration;
			buildSettings = {
				ASSETCATALOG_COMPILER_APPICON_NAME = AppIcon;
				INFOPLIST_FILE = tipCalculator/Info.plist;
				LD_RUNPATH_SEARCH_PATHS = "$(inherited) @executable_path/Frameworks";
				PRODUCT_BUNDLE_IDENTIFIER = pkfire.tipCalculator;
				PRODUCT_NAME = "$(TARGET_NAME)";
				SWIFT_VERSION = 3.0;
			};
			name = Debug;
		};
		3F02DF292135BC200006EC9D /* Release */ = {
			isa = XCBuildConfiguration;
			buildSettings = {
				ASSETCATALOG_COMPILER_APPICON_NAME = AppIcon;
				INFOPLIST_FILE = tipCalculator/Info.plist;
				LD_RUNPATH_SEARCH_PATHS = "$(inherited) @executable_path/Frameworks";
				PRODUCT_BUNDLE_IDENTIFIER = pkfire.tipCalculator;
				PRODUCT_NAME = "$(TARGET_NAME)";
				SWIFT_VERSION = 3.0;
			};
			name = Release;
		};
		3F02DF2B2135BC200006EC9D /* Debug */ = {
			isa = XCBuildConfiguration;
			buildSettings = {
				ALWAYS_EMBED_SWIFT_STANDARD_LIBRARIES = YES;
				BUNDLE_LOADER = "$(TEST_HOST)";
				INFOPLIST_FILE = tipCalculatorTests/Info.plist;
				LD_RUNPATH_SEARCH_PATHS = "$(inherited) @executable_path/Frameworks @loader_path/Frameworks";
				PRODUCT_BUNDLE_IDENTIFIER = pkfire.tipCalculatorTests;
				PRODUCT_NAME = "$(TARGET_NAME)";
				SWIFT_VERSION = 3.0;
				TEST_HOST = "$(BUILT_PRODUCTS_DIR)/tipCalculator.app/tipCalculator";
			};
			name = Debug;
		};
		3F02DF2C2135BC200006EC9D /* Release */ = {
			isa = XCBuildConfiguration;
			buildSettings = {
				ALWAYS_EMBED_SWIFT_STANDARD_LIBRARIES = YES;
				BUNDLE_LOADER = "$(TEST_HOST)";
				INFOPLIST_FILE = tipCalculatorTests/Info.plist;
				LD_RUNPATH_SEARCH_PATHS = "$(inherited) @executable_path/Frameworks @loader_path/Frameworks";
				PRODUCT_BUNDLE_IDENTIFIER = pkfire.tipCalculatorTests;
				PRODUCT_NAME = "$(TARGET_NAME)";
				SWIFT_VERSION = 3.0;
				TEST_HOST = "$(BUILT_PRODUCTS_DIR)/tipCalculator.app/tipCalculator";
			};
			name = Release;
		};
		3F02DF2E2135BC200006EC9D /* Debug */ = {
			isa = XCBuildConfiguration;
			buildSettings = {
				ALWAYS_EMBED_SWIFT_STANDARD_LIBRARIES = YES;
				INFOPLIST_FILE = tipCalculatorUITests/Info.plist;
				LD_RUNPATH_SEARCH_PATHS = "$(inherited) @executable_path/Frameworks @loader_path/Frameworks";
				PRODUCT_BUNDLE_IDENTIFIER = pkfire.tipCalculatorUITests;
				PRODUCT_NAME = "$(TARGET_NAME)";
				SWIFT_VERSION = 3.0;
				TEST_TARGET_NAME = tipCalculator;
			};
			name = Debug;
		};
		3F02DF2F2135BC200006EC9D /* Release */ = {
			isa = XCBuildConfiguration;
			buildSettings = {
				ALWAYS_EMBED_SWIFT_STANDARD_LIBRARIES = YES;
				INFOPLIST_FILE = tipCalculatorUITests/Info.plist;
				LD_RUNPATH_SEARCH_PATHS = "$(inherited) @executable_path/Frameworks @loader_path/Frameworks";
				PRODUCT_BUNDLE_IDENTIFIER = pkfire.tipCalculatorUITests;
				PRODUCT_NAME = "$(TARGET_NAME)";
				SWIFT_VERSION = 3.0;
				TEST_TARGET_NAME = tipCalculator;
			};
			name = Release;
		};
/* End XCBuildConfiguration section */

/* Begin XCConfigurationList section */
		3F02DEFA2135BC200006EC9D /* Build configuration list for PBXProject "tipCalculator" */ = {
			isa = XCConfigurationList;
			buildConfigurations = (
				3F02DF252135BC200006EC9D /* Debug */,
				3F02DF262135BC200006EC9D /* Release */,
			);
			defaultConfigurationIsVisible = 0;
			defaultConfigurationName = Release;
		};
		3F02DF272135BC200006EC9D /* Build configuration list for PBXNativeTarget "tipCalculator" */ = {
			isa = XCConfigurationList;
			buildConfigurations = (
				3F02DF282135BC200006EC9D /* Debug */,
				3F02DF292135BC200006EC9D /* Release */,
			);
			defaultConfigurationIsVisible = 0;
		};
		3F02DF2A2135BC200006EC9D /* Build configuration list for PBXNativeTarget "tipCalculatorTests" */ = {
			isa = XCConfigurationList;
			buildConfigurations = (
				3F02DF2B2135BC200006EC9D /* Debug */,
				3F02DF2C2135BC200006EC9D /* Release */,
			);
			defaultConfigurationIsVisible = 0;
		};
		3F02DF2D2135BC200006EC9D /* Build configuration list for PBXNativeTarget "tipCalculatorUITests" */ = {
			isa = XCConfigurationList;
			buildConfigurations = (
				3F02DF2E2135BC200006EC9D /* Debug */,
				3F02DF2F2135BC200006EC9D /* Release */,
			);
			defaultConfigurationIsVisible = 0;
		};
/* End XCConfigurationList section */
	};
	rootObject = 3F02DEF72135BC200006EC9D /* Project object */;
}
